
Microsoft Visual Studio Solution File, Format Version 12.00
# Visual Studio 2017
Project("{FAE04EC0-301F-11D3-BF4B-00C04F79EFBC}") = "Ddorbi_defence", "Ddorbi_defence.csproj", "{1AF1D826-E77C-2B88-D8DE-3EF3BB5EC3CC}"
EndProject
Global
	GlobalSection(SolutionConfigurationPlatforms) = preSolution
		Debug|Any CPU = Debug|Any CPU
		Release|Any CPU = Release|Any CPU
	EndGlobalSection
	GlobalSection(ProjectConfigurationPlatforms) = postSolution
		{1AF1D826-E77C-2B88-D8DE-3EF3BB5EC3CC}.Debug|Any CPU.ActiveCfg = Debug|Any CPU
		{1AF1D826-E77C-2B88-D8DE-3EF3BB5EC3CC}.Debug|Any CPU.Build.0 = Debug|Any CPU
		{1AF1D826-E77C-2B88-D8DE-3EF3BB5EC3CC}.Release|Any CPU.ActiveCfg = Release|Any CPU
		{1AF1D826-E77C-2B88-D8DE-3EF3BB5EC3CC}.Release|Any CPU.Build.0 = Release|Any CPU
	EndGlobalSection
	GlobalSection(SolutionProperties) = preSolution
		HideSolutionNode = FALSE
	EndGlobalSection
EndGlobal
