
Microsoft Visual Studio Solution File, Format Version 12.00
# Visual Studio 2017
Project("{FAE04EC0-301F-11D3-BF4B-00C04F79EFBC}") = "DdorbiDefense-17.8.29", "DdorbiDefense-17.8.29.csproj", "{81CAA7B3-6F8C-BA79-A331-36867B98E7A3}"
EndProject
Project("{FAE04EC0-301F-11D3-BF4B-00C04F79EFBC}") = "DdorbiDefense-17.8.29.Plugins", "DdorbiDefense-17.8.29.Plugins.csproj", "{2D28C590-E423-8573-1509-59273DDCAD41}"
EndProject
Project("{FAE04EC0-301F-11D3-BF4B-00C04F79EFBC}") = "DdorbiDefense-17.8.29.Editor.Plugins", "DdorbiDefense-17.8.29.Editor.Plugins.csproj", "{6E793123-3A59-4B01-8A63-6616ECB596BA}"
EndProject
Project("{FAE04EC0-301F-11D3-BF4B-00C04F79EFBC}") = "DdorbiDefense-17.8.29.Editor", "DdorbiDefense-17.8.29.Editor.csproj", "{C3A35E40-5D1F-5678-DAA0-0AE3F50CA945}"
EndProject
Global
	GlobalSection(SolutionConfigurationPlatforms) = preSolution
		Debug|Any CPU = Debug|Any CPU
		Release|Any CPU = Release|Any CPU
	EndGlobalSection
	GlobalSection(ProjectConfigurationPlatforms) = postSolution
		{81CAA7B3-6F8C-BA79-A331-36867B98E7A3}.Debug|Any CPU.ActiveCfg = Debug|Any CPU
		{81CAA7B3-6F8C-BA79-A331-36867B98E7A3}.Debug|Any CPU.Build.0 = Debug|Any CPU
		{81CAA7B3-6F8C-BA79-A331-36867B98E7A3}.Release|Any CPU.ActiveCfg = Release|Any CPU
		{81CAA7B3-6F8C-BA79-A331-36867B98E7A3}.Release|Any CPU.Build.0 = Release|Any CPU
		{2D28C590-E423-8573-1509-59273DDCAD41}.Debug|Any CPU.ActiveCfg = Debug|Any CPU
		{2D28C590-E423-8573-1509-59273DDCAD41}.Debug|Any CPU.Build.0 = Debug|Any CPU
		{2D28C590-E423-8573-1509-59273DDCAD41}.Release|Any CPU.ActiveCfg = Release|Any CPU
		{2D28C590-E423-8573-1509-59273DDCAD41}.Release|Any CPU.Build.0 = Release|Any CPU
		{6E793123-3A59-4B01-8A63-6616ECB596BA}.Debug|Any CPU.ActiveCfg = Debug|Any CPU
		{6E793123-3A59-4B01-8A63-6616ECB596BA}.Debug|Any CPU.Build.0 = Debug|Any CPU
		{6E793123-3A59-4B01-8A63-6616ECB596BA}.Release|Any CPU.ActiveCfg = Release|Any CPU
		{6E793123-3A59-4B01-8A63-6616ECB596BA}.Release|Any CPU.Build.0 = Release|Any CPU
		{C3A35E40-5D1F-5678-DAA0-0AE3F50CA945}.Debug|Any CPU.ActiveCfg = Debug|Any CPU
		{C3A35E40-5D1F-5678-DAA0-0AE3F50CA945}.Debug|Any CPU.Build.0 = Debug|Any CPU
		{C3A35E40-5D1F-5678-DAA0-0AE3F50CA945}.Release|Any CPU.ActiveCfg = Release|Any CPU
		{C3A35E40-5D1F-5678-DAA0-0AE3F50CA945}.Release|Any CPU.Build.0 = Release|Any CPU
	EndGlobalSection
	GlobalSection(SolutionProperties) = preSolution
		HideSolutionNode = FALSE
	EndGlobalSection
EndGlobal
