
Microsoft Visual Studio Solution File, Format Version 11.00
# Visual Studio 2010
Project("{FAE04EC0-301F-11D3-BF4B-00C04F79EFBC}") = "DdorbiDefense-master", "Assembly-CSharp.csproj", "{D9962309-C7CC-5B4E-6088-43D892031F60}"
EndProject
Project("{FAE04EC0-301F-11D3-BF4B-00C04F79EFBC}") = "DdorbiDefense-master", "Assembly-CSharp-firstpass.csproj", "{41BF9975-53D1-7E7E-DBF0-3DEA4533C2DE}"
EndProject
Project("{FAE04EC0-301F-11D3-BF4B-00C04F79EFBC}") = "DdorbiDefense-master", "Assembly-CSharp-Editor-firstpass.csproj", "{39B561A8-1DB4-63FA-A1C5-114BBBEA750D}"
EndProject
Project("{FAE04EC0-301F-11D3-BF4B-00C04F79EFBC}") = "DdorbiDefense-master", "Assembly-CSharp-Editor.csproj", "{04B1F1AF-CE46-2293-6642-1E0E891D8BAB}"
EndProject
Global
	GlobalSection(SolutionConfigurationPlatforms) = preSolution
		Debug|Any CPU = Debug|Any CPU
		Release|Any CPU = Release|Any CPU
	EndGlobalSection
	GlobalSection(ProjectConfigurationPlatforms) = postSolution
		{D9962309-C7CC-5B4E-6088-43D892031F60}.Debug|Any CPU.ActiveCfg = Debug|Any CPU
		{D9962309-C7CC-5B4E-6088-43D892031F60}.Debug|Any CPU.Build.0 = Debug|Any CPU
		{D9962309-C7CC-5B4E-6088-43D892031F60}.Release|Any CPU.ActiveCfg = Release|Any CPU
		{D9962309-C7CC-5B4E-6088-43D892031F60}.Release|Any CPU.Build.0 = Release|Any CPU
		{41BF9975-53D1-7E7E-DBF0-3DEA4533C2DE}.Debug|Any CPU.ActiveCfg = Debug|Any CPU
		{41BF9975-53D1-7E7E-DBF0-3DEA4533C2DE}.Debug|Any CPU.Build.0 = Debug|Any CPU
		{41BF9975-53D1-7E7E-DBF0-3DEA4533C2DE}.Release|Any CPU.ActiveCfg = Release|Any CPU
		{41BF9975-53D1-7E7E-DBF0-3DEA4533C2DE}.Release|Any CPU.Build.0 = Release|Any CPU
		{39B561A8-1DB4-63FA-A1C5-114BBBEA750D}.Debug|Any CPU.ActiveCfg = Debug|Any CPU
		{39B561A8-1DB4-63FA-A1C5-114BBBEA750D}.Debug|Any CPU.Build.0 = Debug|Any CPU
		{39B561A8-1DB4-63FA-A1C5-114BBBEA750D}.Release|Any CPU.ActiveCfg = Release|Any CPU
		{39B561A8-1DB4-63FA-A1C5-114BBBEA750D}.Release|Any CPU.Build.0 = Release|Any CPU
		{04B1F1AF-CE46-2293-6642-1E0E891D8BAB}.Debug|Any CPU.ActiveCfg = Debug|Any CPU
		{04B1F1AF-CE46-2293-6642-1E0E891D8BAB}.Debug|Any CPU.Build.0 = Debug|Any CPU
		{04B1F1AF-CE46-2293-6642-1E0E891D8BAB}.Release|Any CPU.ActiveCfg = Release|Any CPU
		{04B1F1AF-CE46-2293-6642-1E0E891D8BAB}.Release|Any CPU.Build.0 = Release|Any CPU
	EndGlobalSection
	GlobalSection(SolutionProperties) = preSolution
		HideSolutionNode = FALSE
	EndGlobalSection
	GlobalSection(MonoDevelopProperties) = preSolution
		StartupItem = Assembly-CSharp.csproj
	EndGlobalSection
EndGlobal
